
Microsoft Visual Studio Solution File, Format Version 12.00
# Visual Studio Version 16
VisualStudioVersion = 16.0.29709.97
MinimumVisualStudioVersion = 10.0.40219.1
Project("{9A19103F-16F7-4668-BE54-9A1E7A4F7556}") = "Linq", "Linq\Linq.csproj", "{365FF5A0-E800-45DA-B8AB-6E3B8150C9C0}"
EndProject
Project("{9A19103F-16F7-4668-BE54-9A1E7A4F7556}") = "LinqClassesLibrary", "LinqClassesLibrary\LinqClassesLibrary.csproj", "{FF558AB7-7FD7-4560-9269-4352DF6F8398}"
EndProject
Project("{9A19103F-16F7-4668-BE54-9A1E7A4F7556}") = "Features", "Features\Features.csproj", "{5D783DEE-1D25-4282-AADF-A51DF1529F97}"
EndProject
Project("{9A19103F-16F7-4668-BE54-9A1E7A4F7556}") = "Queries", "Queries\Queries.csproj", "{237A0048-3BEC-42F0-9147-87FDF0ABE24D}"
EndProject
Project("{2150E333-8FDC-42A3-9474-1A3956D46DE8}") = "Linq.Practices", "Linq.Practices", "{FCB5AAA0-9BE6-4040-AB74-DE61ABB1BCDA}"
EndProject
Project("{9A19103F-16F7-4668-BE54-9A1E7A4F7556}") = "CSVProj", "CSVProj\CSVProj.csproj", "{EEFD7007-589D-425F-B98E-C78683C39309}"
EndProject
Project("{9A19103F-16F7-4668-BE54-9A1E7A4F7556}") = "XMLProj", "XMLProj\XMLProj.csproj", "{3874892D-EEDF-4244-8387-DA7ED6DAF2AD}"
EndProject
Project("{2150E333-8FDC-42A3-9474-1A3956D46DE8}") = "Library", "Library", "{BE669CAA-B768-4386-A4AB-C6F6D623B536}"
EndProject
Project("{2150E333-8FDC-42A3-9474-1A3956D46DE8}") = "Data.Structures", "Data.Structures", "{BEDF901B-123E-451A-9194-F3BB82BA791C}"
EndProject
Project("{FAE04EC0-301F-11D3-BF4B-00C04F79EFBC}") = "Nodes", "Nodes\Nodes.csproj", "{1EE4D433-945C-444E-9274-4CE7ECA6B52A}"
EndProject
Global
	GlobalSection(SolutionConfigurationPlatforms) = preSolution
		Debug|Any CPU = Debug|Any CPU
		Release|Any CPU = Release|Any CPU
	EndGlobalSection
	GlobalSection(ProjectConfigurationPlatforms) = postSolution
		{365FF5A0-E800-45DA-B8AB-6E3B8150C9C0}.Debug|Any CPU.ActiveCfg = Debug|Any CPU
		{365FF5A0-E800-45DA-B8AB-6E3B8150C9C0}.Debug|Any CPU.Build.0 = Debug|Any CPU
		{365FF5A0-E800-45DA-B8AB-6E3B8150C9C0}.Release|Any CPU.ActiveCfg = Release|Any CPU
		{365FF5A0-E800-45DA-B8AB-6E3B8150C9C0}.Release|Any CPU.Build.0 = Release|Any CPU
		{FF558AB7-7FD7-4560-9269-4352DF6F8398}.Debug|Any CPU.ActiveCfg = Debug|Any CPU
		{FF558AB7-7FD7-4560-9269-4352DF6F8398}.Debug|Any CPU.Build.0 = Debug|Any CPU
		{FF558AB7-7FD7-4560-9269-4352DF6F8398}.Release|Any CPU.ActiveCfg = Release|Any CPU
		{FF558AB7-7FD7-4560-9269-4352DF6F8398}.Release|Any CPU.Build.0 = Release|Any CPU
		{5D783DEE-1D25-4282-AADF-A51DF1529F97}.Debug|Any CPU.ActiveCfg = Debug|Any CPU
		{5D783DEE-1D25-4282-AADF-A51DF1529F97}.Debug|Any CPU.Build.0 = Debug|Any CPU
		{5D783DEE-1D25-4282-AADF-A51DF1529F97}.Release|Any CPU.ActiveCfg = Release|Any CPU
		{5D783DEE-1D25-4282-AADF-A51DF1529F97}.Release|Any CPU.Build.0 = Release|Any CPU
		{237A0048-3BEC-42F0-9147-87FDF0ABE24D}.Debug|Any CPU.ActiveCfg = Debug|Any CPU
		{237A0048-3BEC-42F0-9147-87FDF0ABE24D}.Debug|Any CPU.Build.0 = Debug|Any CPU
		{237A0048-3BEC-42F0-9147-87FDF0ABE24D}.Release|Any CPU.ActiveCfg = Release|Any CPU
		{237A0048-3BEC-42F0-9147-87FDF0ABE24D}.Release|Any CPU.Build.0 = Release|Any CPU
		{EEFD7007-589D-425F-B98E-C78683C39309}.Debug|Any CPU.ActiveCfg = Debug|Any CPU
		{EEFD7007-589D-425F-B98E-C78683C39309}.Debug|Any CPU.Build.0 = Debug|Any CPU
		{EEFD7007-589D-425F-B98E-C78683C39309}.Release|Any CPU.ActiveCfg = Release|Any CPU
		{EEFD7007-589D-425F-B98E-C78683C39309}.Release|Any CPU.Build.0 = Release|Any CPU
		{3874892D-EEDF-4244-8387-DA7ED6DAF2AD}.Debug|Any CPU.ActiveCfg = Debug|Any CPU
		{3874892D-EEDF-4244-8387-DA7ED6DAF2AD}.Debug|Any CPU.Build.0 = Debug|Any CPU
		{3874892D-EEDF-4244-8387-DA7ED6DAF2AD}.Release|Any CPU.ActiveCfg = Release|Any CPU
		{3874892D-EEDF-4244-8387-DA7ED6DAF2AD}.Release|Any CPU.Build.0 = Release|Any CPU
		{1EE4D433-945C-444E-9274-4CE7ECA6B52A}.Debug|Any CPU.ActiveCfg = Debug|Any CPU
		{1EE4D433-945C-444E-9274-4CE7ECA6B52A}.Debug|Any CPU.Build.0 = Debug|Any CPU
		{1EE4D433-945C-444E-9274-4CE7ECA6B52A}.Release|Any CPU.ActiveCfg = Release|Any CPU
		{1EE4D433-945C-444E-9274-4CE7ECA6B52A}.Release|Any CPU.Build.0 = Release|Any CPU
	EndGlobalSection
	GlobalSection(SolutionProperties) = preSolution
		HideSolutionNode = FALSE
	EndGlobalSection
	GlobalSection(NestedProjects) = preSolution
		{365FF5A0-E800-45DA-B8AB-6E3B8150C9C0} = {FCB5AAA0-9BE6-4040-AB74-DE61ABB1BCDA}
		{FF558AB7-7FD7-4560-9269-4352DF6F8398} = {BE669CAA-B768-4386-A4AB-C6F6D623B536}
		{5D783DEE-1D25-4282-AADF-A51DF1529F97} = {FCB5AAA0-9BE6-4040-AB74-DE61ABB1BCDA}
		{237A0048-3BEC-42F0-9147-87FDF0ABE24D} = {FCB5AAA0-9BE6-4040-AB74-DE61ABB1BCDA}
		{EEFD7007-589D-425F-B98E-C78683C39309} = {FCB5AAA0-9BE6-4040-AB74-DE61ABB1BCDA}
		{3874892D-EEDF-4244-8387-DA7ED6DAF2AD} = {FCB5AAA0-9BE6-4040-AB74-DE61ABB1BCDA}
		{BE669CAA-B768-4386-A4AB-C6F6D623B536} = {FCB5AAA0-9BE6-4040-AB74-DE61ABB1BCDA}
		{1EE4D433-945C-444E-9274-4CE7ECA6B52A} = {BEDF901B-123E-451A-9194-F3BB82BA791C}
	EndGlobalSection
	GlobalSection(ExtensibilityGlobals) = postSolution
		SolutionGuid = {B9DE507E-D535-4E91-A05B-E49E3967D776}
	EndGlobalSection
EndGlobal
